
Microsoft Visual Studio Solution File, Format Version 12.00
# Visual Studio Version 17
VisualStudioVersion = 17.1.32421.90
MinimumVisualStudioVersion = 10.0.40219.1
Project("{FAE04EC0-301F-11D3-BF4B-00C04F79EFBC}") = "Module101TicTacToeApp", "Module101TicTacToeApp.csproj", "{640C3FF2-660D-4296-B7C4-40B388885941}"
EndProject
Global
	GlobalSection(SolutionConfigurationPlatforms) = preSolution
		Debug|Any CPU = Debug|Any CPU
		Release|Any CPU = Release|Any CPU
	EndGlobalSection
	GlobalSection(ProjectConfigurationPlatforms) = postSolution
		{640C3FF2-660D-4296-B7C4-40B388885941}.Debug|Any CPU.ActiveCfg = Debug|Any CPU
		{640C3FF2-660D-4296-B7C4-40B388885941}.Debug|Any CPU.Build.0 = Debug|Any CPU
		{640C3FF2-660D-4296-B7C4-40B388885941}.Release|Any CPU.ActiveCfg = Release|Any CPU
		{640C3FF2-660D-4296-B7C4-40B388885941}.Release|Any CPU.Build.0 = Release|Any CPU
	EndGlobalSection
	GlobalSection(SolutionProperties) = preSolution
		HideSolutionNode = FALSE
	EndGlobalSection
	GlobalSection(ExtensibilityGlobals) = postSolution
		SolutionGuid = {E3CF723B-9225-457D-BDC8-D9C8E0D251C2}
	EndGlobalSection
EndGlobal
